{
  "name": "plex-movie-night",
  "lockfileVersion": 3,
  "requires": true,
  "packages": {
    "": {
      "name": "plex-movie-night",
      "dependencies": {
        "@rescript/std": "12.0.0-beta.4",
        "@rescript/webapi": "0.1.0-experimental-fe47fc9",
        "@tailwindcss/typography": "0.5.16",
        "rescript": "12.0.0-beta.4"
      }
    },
    "node_modules/@rescript/darwin-arm64": {
      "version": "12.0.0-beta.4",
      "resolved": "https://registry.npmjs.org/@rescript/darwin-arm64/-/darwin-arm64-12.0.0-beta.4.tgz",
      "integrity": "sha512-UenADkeR86PyFJ89AY0utG5fi1/3DLEBHoof0DjgXpMhZoPg+fjXcxRGhtBpN1Bov59kBLxIDLX0T6ZkFtjbwQ==",
      "cpu": [
        "arm64"
      ],
      "optional": true,
      "os": [
        "darwin"
      ],
      "engines": {
        "node": ">=20.11.0"
      }
    },
    "node_modules/@rescript/darwin-x64": {
      "version": "12.0.0-beta.4",
      "resolved": "https://registry.npmjs.org/@rescript/darwin-x64/-/darwin-x64-12.0.0-beta.4.tgz",
      "integrity": "sha512-aKSabtfetlVvA0EA2G4TBTlDH96CZsnmCMbsGwwMDvLLr4cmnmJoMO/nvgI5AdFcNUW/NGVtGVsgPfcmLd7EWQ==",
      "cpu": [
        "x64"
      ],
      "optional": true,
      "os": [
        "darwin"
      ],
      "engines": {
        "node": ">=20.11.0"
      }
    },
    "node_modules/@rescript/linux-arm64": {
      "version": "12.0.0-beta.4",
      "resolved": "https://registry.npmjs.org/@rescript/linux-arm64/-/linux-arm64-12.0.0-beta.4.tgz",
      "integrity": "sha512-UHClm/Gsdv5v2kLgEhkqfIsDeYSIuACGmHWPhskg93+EjeBHpPWr4DG/8XdhywZfTFgIGsIYzpZ3ejRfKq5X+Q==",
      "cpu": [
        "arm64"
      ],
      "optional": true,
      "os": [
        "linux"
      ],
      "engines": {
        "node": ">=20.11.0"
      }
    },
    "node_modules/@rescript/linux-x64": {
      "version": "12.0.0-beta.4",
      "resolved": "https://registry.npmjs.org/@rescript/linux-x64/-/linux-x64-12.0.0-beta.4.tgz",
      "integrity": "sha512-c7ueadv9lhK77sCi9zfQPkaz4vmzoW4U2b4GgUqkSzDlOxYT3ttWiC2+deGBJ26Q7CsWL/kFb0Hp2rydjkkexw==",
      "cpu": [
        "x64"
      ],
      "optional": true,
      "os": [
        "linux"
      ],
      "engines": {
        "node": ">=20.11.0"
      }
    },
    "node_modules/@rescript/std": {
      "version": "12.0.0-beta.4",
      "resolved": "https://registry.npmjs.org/@rescript/std/-/std-12.0.0-beta.4.tgz",
      "integrity": "sha512-sWUIJgEUWzN5l2bID4H6tdIq4LC2hoVW0k8AQKwdyyIcLfRyBWzC8EFoInjUrVQXGgTzs3oTi77INgINV782zA==",
      "license": "SEE LICENSE IN LICENSE"
    },
    "node_modules/@rescript/webapi": {
      "version": "0.1.0-experimental-fe47fc9",
      "resolved": "https://registry.npmjs.org/@rescript/webapi/-/webapi-0.1.0-experimental-fe47fc9.tgz",
      "integrity": "sha512-pAUB3HrcfV0tgYSDJQ6eUeXxzvpTtG4uieHL4ZDPQEIMT8j7+bU00CAPBF+lZjE7HzsV8IS2wegmiKAo1tXoDw==",
      "license": "MIT",
      "dependencies": {
        "rescript": "^12.0.0-beta.3"
      }
    },
    "node_modules/@rescript/win32-x64": {
      "version": "12.0.0-beta.4",
      "resolved": "https://registry.npmjs.org/@rescript/win32-x64/-/win32-x64-12.0.0-beta.4.tgz",
      "integrity": "sha512-qMhBvqQp0wnKp+z1do79NHb/j3t50946P4QH01/ErtJpTLEJUyx6OzaEaNu5r4iu+AXAKtFG26497JICvuTWJg==",
      "cpu": [
        "x64"
      ],
      "optional": true,
      "os": [
        "win32"
      ],
      "engines": {
        "node": ">=20.11.0"
      }
    },
    "node_modules/@tailwindcss/typography": {
      "version": "0.5.16",
      "resolved": "https://registry.npmjs.org/@tailwindcss/typography/-/typography-0.5.16.tgz",
      "integrity": "sha512-0wDLwCVF5V3x3b1SGXPCDcdsbDHMBe+lkFzBRaHeLvNi+nrrnZ1lA18u+OTWO8iSWU2GxUOCvlXtDuqftc1oiA==",
      "license": "MIT",
      "dependencies": {
        "lodash.castarray": "^4.4.0",
        "lodash.isplainobject": "^4.0.6",
        "lodash.merge": "^4.6.2",
        "postcss-selector-parser": "6.0.10"
      },
      "peerDependencies": {
        "tailwindcss": ">=3.0.0 || insiders || >=4.0.0-alpha.20 || >=4.0.0-beta.1"
      }
    },
    "node_modules/cssesc": {
      "version": "3.0.0",
      "resolved": "https://registry.npmjs.org/cssesc/-/cssesc-3.0.0.tgz",
      "integrity": "sha512-/Tb/JcjK111nNScGob5MNtsntNM1aCNUDipB/TkwZFhyDrrE47SOx/18wF2bbjgc3ZzCSKW1T5nt5EbFoAz/Vg==",
      "license": "MIT",
      "bin": {
        "cssesc": "bin/cssesc"
      },
      "engines": {
        "node": ">=4"
      }
    },
    "node_modules/lodash.castarray": {
      "version": "4.4.0",
      "resolved": "https://registry.npmjs.org/lodash.castarray/-/lodash.castarray-4.4.0.tgz",
      "integrity": "sha512-aVx8ztPv7/2ULbArGJ2Y42bG1mEQ5mGjpdvrbJcJFU3TbYybe+QlLS4pst9zV52ymy2in1KpFPiZnAOATxD4+Q==",
      "license": "MIT"
    },
    "node_modules/lodash.isplainobject": {
      "version": "4.0.6",
      "resolved": "https://registry.npmjs.org/lodash.isplainobject/-/lodash.isplainobject-4.0.6.tgz",
      "integrity": "sha512-oSXzaWypCMHkPC3NvBEaPHf0KsA5mvPrOPgQWDsbg8n7orZ290M0BmC/jgRZ4vcJ6DTAhjrsSYgdsW/F+MFOBA==",
      "license": "MIT"
    },
    "node_modules/lodash.merge": {
      "version": "4.6.2",
      "resolved": "https://registry.npmjs.org/lodash.merge/-/lodash.merge-4.6.2.tgz",
      "integrity": "sha512-0KpjqXRVvrYyCsX1swR/XTK0va6VQkQM6MNo7PqW77ByjAhoARA8EfrP1N4+KlKj8YS0ZUCtRT/YUuhyYDujIQ==",
      "license": "MIT"
    },
    "node_modules/postcss-selector-parser": {
      "version": "6.0.10",
      "resolved": "https://registry.npmjs.org/postcss-selector-parser/-/postcss-selector-parser-6.0.10.tgz",
      "integrity": "sha512-IQ7TZdoaqbT+LCpShg46jnZVlhWD2w6iQYAcYXfHARZ7X1t/UGhhceQDs5X0cGqKvYlHNOuv7Oa1xmb0oQuA3w==",
      "license": "MIT",
      "dependencies": {
        "cssesc": "^3.0.0",
        "util-deprecate": "^1.0.2"
      },
      "engines": {
        "node": ">=4"
      }
    },
    "node_modules/rescript": {
      "version": "12.0.0-beta.4",
      "resolved": "https://registry.npmjs.org/rescript/-/rescript-12.0.0-beta.4.tgz",
      "integrity": "sha512-Le3fnsa6MUDecmpnfIuJMA8cXraRLrdEd4Ho2m5OavTKbWgINzJiG3sqlnF1yPpWNPZ3nL5D8oRNakcpp1fbtg==",
      "license": "SEE LICENSE IN LICENSE",
      "workspaces": [
        "packages/*",
        "packages/@rescript/*",
        "tests/dependencies/**",
        "tests/analysis_tests/**",
        "tests/docstring_tests",
        "tests/gentype_tests/**",
        "tests/tools_tests",
        "scripts/res"
      ],
      "bin": {
        "bsc": "cli/bsc.js",
        "bstracing": "cli/bstracing.js",
        "rescript": "cli/rescript.js",
        "rescript-legacy": "cli/rescript-legacy.js",
        "rescript-tools": "cli/rescript-tools.js"
      },
      "engines": {
        "node": ">=20.11.0"
      },
      "optionalDependencies": {
        "@rescript/darwin-arm64": "12.0.0-beta.4",
        "@rescript/darwin-x64": "12.0.0-beta.4",
        "@rescript/linux-arm64": "12.0.0-beta.4",
        "@rescript/linux-x64": "12.0.0-beta.4",
        "@rescript/win32-x64": "12.0.0-beta.4"
      }
    },
    "node_modules/tailwindcss": {
      "version": "4.1.11",
      "resolved": "https://registry.npmjs.org/tailwindcss/-/tailwindcss-4.1.11.tgz",
      "integrity": "sha512-2E9TBm6MDD/xKYe+dvJZAmg3yxIEDNRc0jwlNyDg/4Fil2QcSLjFKGVff0lAf1jjeaArlG/M75Ey/EYr/OJtBA==",
      "license": "MIT",
      "peer": true
    },
    "node_modules/util-deprecate": {
      "version": "1.0.2",
      "resolved": "https://registry.npmjs.org/util-deprecate/-/util-deprecate-1.0.2.tgz",
      "integrity": "sha512-EPD5q1uXyFxJpCrLnCc1nHnq3gOa6DZBocAIiI2TaSCA7VCJ1UJDMagCzIkXNsUYfD1daK//LTEQ8xiIbrHtcw==",
      "license": "MIT"
    }
  }
}
